
Microsoft Visual Studio Solution File, Format Version 12.00
# Visual Studio 15
VisualStudioVersion = 15.0.26430.13
MinimumVisualStudioVersion = 10.0.40219.1
Project("{FAE04EC0-301F-11D3-BF4B-00C04F79EFBC}") = "UniteVideoPlugin", "UniteVideo\UniteVideoPlugin.csproj", "{92C79EA6-73A0-4B96-9194-7EC8709CF669}"
EndProject
Project("{FAE04EC0-301F-11D3-BF4B-00C04F79EFBC}") = "UniteVideoBrowserExtensionHelper", "UniteVideoBrowserExtensionHelper\UniteVideoBrowserExtensionHelper.csproj", "{57C305CC-01C1-479C-8E6C-F9C9BBB1FCFB}"
EndProject
Project("{FAE04EC0-301F-11D3-BF4B-00C04F79EFBC}") = "UniteBrowserHelper", "UniteBrowserHelper\UniteBrowserHelper.csproj", "{93BDEFB8-AFEB-4E16-8853-08315C8E259F}"
EndProject
Project("{54435603-DBB4-11D2-8724-00A0C9A8B90C}") = "UniteBrowserHelperInstaller", "UniteBrowserHelperInstaller\UniteBrowserHelperInstaller.vdproj", "{58029C1B-BBC1-4BE3-B604-86A657344C2A}"
EndProject
Project("{FAE04EC0-301F-11D3-BF4B-00C04F79EFBC}") = "NativeVideoTest", "NativeVideoTest\NativeVideoTest.csproj", "{CAE6F608-D162-4113-AE29-6FD00FBA98C2}"
EndProject
Project("{FAE04EC0-301F-11D3-BF4B-00C04F79EFBC}") = "HTTPServer", "HTTPServer\HTTPServer.csproj", "{4292156F-FF9E-4822-AA42-6983110CDADB}"
EndProject
Global
	GlobalSection(SolutionConfigurationPlatforms) = preSolution
		Debug|Any CPU = Debug|Any CPU
		Debug|ARM = Debug|ARM
		Debug|x64 = Debug|x64
		Debug|x86 = Debug|x86
		Release|Any CPU = Release|Any CPU
		Release|ARM = Release|ARM
		Release|x64 = Release|x64
		Release|x86 = Release|x86
	EndGlobalSection
	GlobalSection(ProjectConfigurationPlatforms) = postSolution
		{92C79EA6-73A0-4B96-9194-7EC8709CF669}.Debug|Any CPU.ActiveCfg = Debug|Any CPU
		{92C79EA6-73A0-4B96-9194-7EC8709CF669}.Debug|Any CPU.Build.0 = Debug|Any CPU
		{92C79EA6-73A0-4B96-9194-7EC8709CF669}.Debug|ARM.ActiveCfg = Debug|Any CPU
		{92C79EA6-73A0-4B96-9194-7EC8709CF669}.Debug|ARM.Build.0 = Debug|Any CPU
		{92C79EA6-73A0-4B96-9194-7EC8709CF669}.Debug|x64.ActiveCfg = Debug|Any CPU
		{92C79EA6-73A0-4B96-9194-7EC8709CF669}.Debug|x64.Build.0 = Debug|Any CPU
		{92C79EA6-73A0-4B96-9194-7EC8709CF669}.Debug|x86.ActiveCfg = Debug|Any CPU
		{92C79EA6-73A0-4B96-9194-7EC8709CF669}.Debug|x86.Build.0 = Debug|Any CPU
		{92C79EA6-73A0-4B96-9194-7EC8709CF669}.Release|Any CPU.ActiveCfg = Release|Any CPU
		{92C79EA6-73A0-4B96-9194-7EC8709CF669}.Release|Any CPU.Build.0 = Release|Any CPU
		{92C79EA6-73A0-4B96-9194-7EC8709CF669}.Release|ARM.ActiveCfg = Release|Any CPU
		{92C79EA6-73A0-4B96-9194-7EC8709CF669}.Release|ARM.Build.0 = Release|Any CPU
		{92C79EA6-73A0-4B96-9194-7EC8709CF669}.Release|x64.ActiveCfg = Release|Any CPU
		{92C79EA6-73A0-4B96-9194-7EC8709CF669}.Release|x64.Build.0 = Release|Any CPU
		{92C79EA6-73A0-4B96-9194-7EC8709CF669}.Release|x86.ActiveCfg = Release|Any CPU
		{92C79EA6-73A0-4B96-9194-7EC8709CF669}.Release|x86.Build.0 = Release|Any CPU
		{57C305CC-01C1-479C-8E6C-F9C9BBB1FCFB}.Debug|Any CPU.ActiveCfg = Debug|Any CPU
		{57C305CC-01C1-479C-8E6C-F9C9BBB1FCFB}.Debug|Any CPU.Build.0 = Debug|Any CPU
		{57C305CC-01C1-479C-8E6C-F9C9BBB1FCFB}.Debug|ARM.ActiveCfg = Debug|Any CPU
		{57C305CC-01C1-479C-8E6C-F9C9BBB1FCFB}.Debug|ARM.Build.0 = Debug|Any CPU
		{57C305CC-01C1-479C-8E6C-F9C9BBB1FCFB}.Debug|x64.ActiveCfg = Debug|Any CPU
		{57C305CC-01C1-479C-8E6C-F9C9BBB1FCFB}.Debug|x64.Build.0 = Debug|Any CPU
		{57C305CC-01C1-479C-8E6C-F9C9BBB1FCFB}.Debug|x86.ActiveCfg = Debug|Any CPU
		{57C305CC-01C1-479C-8E6C-F9C9BBB1FCFB}.Debug|x86.Build.0 = Debug|Any CPU
		{57C305CC-01C1-479C-8E6C-F9C9BBB1FCFB}.Release|Any CPU.ActiveCfg = Release|Any CPU
		{57C305CC-01C1-479C-8E6C-F9C9BBB1FCFB}.Release|Any CPU.Build.0 = Release|Any CPU
		{57C305CC-01C1-479C-8E6C-F9C9BBB1FCFB}.Release|ARM.ActiveCfg = Release|Any CPU
		{57C305CC-01C1-479C-8E6C-F9C9BBB1FCFB}.Release|ARM.Build.0 = Release|Any CPU
		{57C305CC-01C1-479C-8E6C-F9C9BBB1FCFB}.Release|x64.ActiveCfg = Release|Any CPU
		{57C305CC-01C1-479C-8E6C-F9C9BBB1FCFB}.Release|x64.Build.0 = Release|Any CPU
		{57C305CC-01C1-479C-8E6C-F9C9BBB1FCFB}.Release|x86.ActiveCfg = Release|Any CPU
		{57C305CC-01C1-479C-8E6C-F9C9BBB1FCFB}.Release|x86.Build.0 = Release|Any CPU
		{93BDEFB8-AFEB-4E16-8853-08315C8E259F}.Debug|Any CPU.ActiveCfg = Debug|x86
		{93BDEFB8-AFEB-4E16-8853-08315C8E259F}.Debug|ARM.ActiveCfg = Debug|ARM
		{93BDEFB8-AFEB-4E16-8853-08315C8E259F}.Debug|ARM.Build.0 = Debug|ARM
		{93BDEFB8-AFEB-4E16-8853-08315C8E259F}.Debug|ARM.Deploy.0 = Debug|ARM
		{93BDEFB8-AFEB-4E16-8853-08315C8E259F}.Debug|x64.ActiveCfg = Debug|x64
		{93BDEFB8-AFEB-4E16-8853-08315C8E259F}.Debug|x64.Build.0 = Debug|x64
		{93BDEFB8-AFEB-4E16-8853-08315C8E259F}.Debug|x64.Deploy.0 = Debug|x64
		{93BDEFB8-AFEB-4E16-8853-08315C8E259F}.Debug|x86.ActiveCfg = Debug|x86
		{93BDEFB8-AFEB-4E16-8853-08315C8E259F}.Debug|x86.Build.0 = Debug|x86
		{93BDEFB8-AFEB-4E16-8853-08315C8E259F}.Debug|x86.Deploy.0 = Debug|x86
		{93BDEFB8-AFEB-4E16-8853-08315C8E259F}.Release|Any CPU.ActiveCfg = Release|x86
		{93BDEFB8-AFEB-4E16-8853-08315C8E259F}.Release|ARM.ActiveCfg = Release|ARM
		{93BDEFB8-AFEB-4E16-8853-08315C8E259F}.Release|ARM.Build.0 = Release|ARM
		{93BDEFB8-AFEB-4E16-8853-08315C8E259F}.Release|ARM.Deploy.0 = Release|ARM
		{93BDEFB8-AFEB-4E16-8853-08315C8E259F}.Release|x64.ActiveCfg = Release|x64
		{93BDEFB8-AFEB-4E16-8853-08315C8E259F}.Release|x64.Build.0 = Release|x64
		{93BDEFB8-AFEB-4E16-8853-08315C8E259F}.Release|x64.Deploy.0 = Release|x64
		{93BDEFB8-AFEB-4E16-8853-08315C8E259F}.Release|x86.ActiveCfg = Release|x86
		{93BDEFB8-AFEB-4E16-8853-08315C8E259F}.Release|x86.Build.0 = Release|x86
		{93BDEFB8-AFEB-4E16-8853-08315C8E259F}.Release|x86.Deploy.0 = Release|x86
		{58029C1B-BBC1-4BE3-B604-86A657344C2A}.Debug|Any CPU.ActiveCfg = Debug
		{58029C1B-BBC1-4BE3-B604-86A657344C2A}.Debug|ARM.ActiveCfg = Debug
		{58029C1B-BBC1-4BE3-B604-86A657344C2A}.Debug|x64.ActiveCfg = Debug
		{58029C1B-BBC1-4BE3-B604-86A657344C2A}.Debug|x86.ActiveCfg = Debug
		{58029C1B-BBC1-4BE3-B604-86A657344C2A}.Release|Any CPU.ActiveCfg = Release
		{58029C1B-BBC1-4BE3-B604-86A657344C2A}.Release|ARM.ActiveCfg = Release
		{58029C1B-BBC1-4BE3-B604-86A657344C2A}.Release|x64.ActiveCfg = Release
		{58029C1B-BBC1-4BE3-B604-86A657344C2A}.Release|x86.ActiveCfg = Release
		{CAE6F608-D162-4113-AE29-6FD00FBA98C2}.Debug|Any CPU.ActiveCfg = Debug|Any CPU
		{CAE6F608-D162-4113-AE29-6FD00FBA98C2}.Debug|Any CPU.Build.0 = Debug|Any CPU
		{CAE6F608-D162-4113-AE29-6FD00FBA98C2}.Debug|ARM.ActiveCfg = Debug|Any CPU
		{CAE6F608-D162-4113-AE29-6FD00FBA98C2}.Debug|ARM.Build.0 = Debug|Any CPU
		{CAE6F608-D162-4113-AE29-6FD00FBA98C2}.Debug|x64.ActiveCfg = Debug|Any CPU
		{CAE6F608-D162-4113-AE29-6FD00FBA98C2}.Debug|x64.Build.0 = Debug|Any CPU
		{CAE6F608-D162-4113-AE29-6FD00FBA98C2}.Debug|x86.ActiveCfg = Debug|Any CPU
		{CAE6F608-D162-4113-AE29-6FD00FBA98C2}.Debug|x86.Build.0 = Debug|Any CPU
		{CAE6F608-D162-4113-AE29-6FD00FBA98C2}.Release|Any CPU.ActiveCfg = Release|Any CPU
		{CAE6F608-D162-4113-AE29-6FD00FBA98C2}.Release|Any CPU.Build.0 = Release|Any CPU
		{CAE6F608-D162-4113-AE29-6FD00FBA98C2}.Release|ARM.ActiveCfg = Release|Any CPU
		{CAE6F608-D162-4113-AE29-6FD00FBA98C2}.Release|ARM.Build.0 = Release|Any CPU
		{CAE6F608-D162-4113-AE29-6FD00FBA98C2}.Release|x64.ActiveCfg = Release|Any CPU
		{CAE6F608-D162-4113-AE29-6FD00FBA98C2}.Release|x64.Build.0 = Release|Any CPU
		{CAE6F608-D162-4113-AE29-6FD00FBA98C2}.Release|x86.ActiveCfg = Release|Any CPU
		{CAE6F608-D162-4113-AE29-6FD00FBA98C2}.Release|x86.Build.0 = Release|Any CPU
		{4292156F-FF9E-4822-AA42-6983110CDADB}.Debug|Any CPU.ActiveCfg = Debug|Any CPU
		{4292156F-FF9E-4822-AA42-6983110CDADB}.Debug|Any CPU.Build.0 = Debug|Any CPU
		{4292156F-FF9E-4822-AA42-6983110CDADB}.Debug|ARM.ActiveCfg = Debug|Any CPU
		{4292156F-FF9E-4822-AA42-6983110CDADB}.Debug|ARM.Build.0 = Debug|Any CPU
		{4292156F-FF9E-4822-AA42-6983110CDADB}.Debug|x64.ActiveCfg = Debug|Any CPU
		{4292156F-FF9E-4822-AA42-6983110CDADB}.Debug|x64.Build.0 = Debug|Any CPU
		{4292156F-FF9E-4822-AA42-6983110CDADB}.Debug|x86.ActiveCfg = Debug|Any CPU
		{4292156F-FF9E-4822-AA42-6983110CDADB}.Debug|x86.Build.0 = Debug|Any CPU
		{4292156F-FF9E-4822-AA42-6983110CDADB}.Release|Any CPU.ActiveCfg = Release|Any CPU
		{4292156F-FF9E-4822-AA42-6983110CDADB}.Release|Any CPU.Build.0 = Release|Any CPU
		{4292156F-FF9E-4822-AA42-6983110CDADB}.Release|ARM.ActiveCfg = Release|Any CPU
		{4292156F-FF9E-4822-AA42-6983110CDADB}.Release|ARM.Build.0 = Release|Any CPU
		{4292156F-FF9E-4822-AA42-6983110CDADB}.Release|x64.ActiveCfg = Release|Any CPU
		{4292156F-FF9E-4822-AA42-6983110CDADB}.Release|x64.Build.0 = Release|Any CPU
		{4292156F-FF9E-4822-AA42-6983110CDADB}.Release|x86.ActiveCfg = Release|Any CPU
		{4292156F-FF9E-4822-AA42-6983110CDADB}.Release|x86.Build.0 = Release|Any CPU
	EndGlobalSection
	GlobalSection(SolutionProperties) = preSolution
		HideSolutionNode = FALSE
	EndGlobalSection
	GlobalSection(ExtensibilityGlobals) = postSolution
		SolutionGuid = {75024537-4AD1-4FCE-BF94-F89DF5DA0FC0}
	EndGlobalSection
EndGlobal
